// !$*UTF8*$!
{
	archiveVersion = 1;
	classes = {
	};
	objectVersion = 55;
	objects = {

/* Begin PBXBuildFile section */
		705D0B611DF08A32F2B3DE4A /* Pods_hw_25_DamageRadius.framework in Frameworks */ = {isa = PBXBuildFile; fileRef = 3C21618ED77A12501629DED4 /* Pods_hw_25_DamageRadius.framework */; };
		8E0603A028259ED100D3B6DA /* AppDelegate.swift in Sources */ = {isa = PBXBuildFile; fileRef = 8E06039F28259ED100D3B6DA /* AppDelegate.swift */; };
		8E0603A228259ED100D3B6DA /* SceneDelegate.swift in Sources */ = {isa = PBXBuildFile; fileRef = 8E0603A128259ED100D3B6DA /* SceneDelegate.swift */; };
		8E0603A428259ED100D3B6DA /* MapViewController.swift in Sources */ = {isa = PBXBuildFile; fileRef = 8E0603A328259ED100D3B6DA /* MapViewController.swift */; };
		8E0603A728259ED100D3B6DA /* Main.storyboard in Resources */ = {isa = PBXBuildFile; fileRef = 8E0603A528259ED100D3B6DA /* Main.storyboard */; };
		8E0603A928259ED100D3B6DA /* Assets.xcassets in Resources */ = {isa = PBXBuildFile; fileRef = 8E0603A828259ED100D3B6DA /* Assets.xcassets */; };
		8E0603AC28259ED100D3B6DA /* LaunchScreen.storyboard in Resources */ = {isa = PBXBuildFile; fileRef = 8E0603AA28259ED100D3B6DA /* LaunchScreen.storyboard */; };
		8E94A23628268557009614DA /* ButtonExtension.swift in Sources */ = {isa = PBXBuildFile; fileRef = 8E94A23528268557009614DA /* ButtonExtension.swift */; };
		8E94A2382826B532009614DA /* Servedable.swift in Sources */ = {isa = PBXBuildFile; fileRef = 8E94A2372826B532009614DA /* Servedable.swift */; };
		8E94A23A2826B560009614DA /* Bomb.swift in Sources */ = {isa = PBXBuildFile; fileRef = 8E94A2392826B560009614DA /* Bomb.swift */; };
		8E9501272825BBBD00D0383B /* PreferencesViewController.swift in Sources */ = {isa = PBXBuildFile; fileRef = 8E9501262825BBBD00D0383B /* PreferencesViewController.swift */; };
/* End PBXBuildFile section */

/* Begin PBXFileReference section */
		1119B97246F06E8653591F04 /* Pods-hw_25_DamageRadius.debug.xcconfig */ = {isa = PBXFileReference; includeInIndex = 1; lastKnownFileType = text.xcconfig; name = "Pods-hw_25_DamageRadius.debug.xcconfig"; path = "Target Support Files/Pods-hw_25_DamageRadius/Pods-hw_25_DamageRadius.debug.xcconfig"; sourceTree = "<group>"; };
		3AEB98D87A4695C1E50200CC /* Pods-hw_25_DamageRadius.release.xcconfig */ = {isa = PBXFileReference; includeInIndex = 1; lastKnownFileType = text.xcconfig; name = "Pods-hw_25_DamageRadius.release.xcconfig"; path = "Target Support Files/Pods-hw_25_DamageRadius/Pods-hw_25_DamageRadius.release.xcconfig"; sourceTree = "<group>"; };
		3C21618ED77A12501629DED4 /* Pods_hw_25_DamageRadius.framework */ = {isa = PBXFileReference; explicitFileType = wrapper.framework; includeInIndex = 0; path = Pods_hw_25_DamageRadius.framework; sourceTree = BUILT_PRODUCTS_DIR; };
		8E06039C28259ED100D3B6DA /* hw_25_DamageRadius.app */ = {isa = PBXFileReference; explicitFileType = wrapper.application; includeInIndex = 0; path = hw_25_DamageRadius.app; sourceTree = BUILT_PRODUCTS_DIR; };
		8E06039F28259ED100D3B6DA /* AppDelegate.swift */ = {isa = PBXFileReference; lastKnownFileType = sourcecode.swift; path = AppDelegate.swift; sourceTree = "<group>"; };
		8E0603A128259ED100D3B6DA /* SceneDelegate.swift */ = {isa = PBXFileReference; lastKnownFileType = sourcecode.swift; path = SceneDelegate.swift; sourceTree = "<group>"; };
		8E0603A328259ED100D3B6DA /* MapViewController.swift */ = {isa = PBXFileReference; lastKnownFileType = sourcecode.swift; path = MapViewController.swift; sourceTree = "<group>"; };
		8E0603A628259ED100D3B6DA /* Base */ = {isa = PBXFileReference; lastKnownFileType = file.storyboard; name = Base; path = Base.lproj/Main.storyboard; sourceTree = "<group>"; };
		8E0603A828259ED100D3B6DA /* Assets.xcassets */ = {isa = PBXFileReference; lastKnownFileType = folder.assetcatalog; path = Assets.xcassets; sourceTree = "<group>"; };
		8E0603AB28259ED100D3B6DA /* Base */ = {isa = PBXFileReference; lastKnownFileType = file.storyboard; name = Base; path = Base.lproj/LaunchScreen.storyboard; sourceTree = "<group>"; };
		8E0603AD28259ED100D3B6DA /* Info.plist */ = {isa = PBXFileReference; lastKnownFileType = text.plist.xml; path = Info.plist; sourceTree = "<group>"; };
		8E94A23528268557009614DA /* ButtonExtension.swift */ = {isa = PBXFileReference; lastKnownFileType = sourcecode.swift; path = ButtonExtension.swift; sourceTree = "<group>"; };
		8E94A2372826B532009614DA /* Servedable.swift */ = {isa = PBXFileReference; lastKnownFileType = sourcecode.swift; path = Servedable.swift; sourceTree = "<group>"; };
		8E94A2392826B560009614DA /* Bomb.swift */ = {isa = PBXFileReference; lastKnownFileType = sourcecode.swift; path = Bomb.swift; sourceTree = "<group>"; };
		8E9501262825BBBD00D0383B /* PreferencesViewController.swift */ = {isa = PBXFileReference; lastKnownFileType = sourcecode.swift; path = PreferencesViewController.swift; sourceTree = "<group>"; };
/* End PBXFileReference section */

/* Begin PBXFrameworksBuildPhase section */
		8E06039928259ED100D3B6DA /* Frameworks */ = {
			isa = PBXFrameworksBuildPhase;
			buildActionMask = 2147483647;
			files = (
				705D0B611DF08A32F2B3DE4A /* Pods_hw_25_DamageRadius.framework in Frameworks */,
			);
			runOnlyForDeploymentPostprocessing = 0;
		};
/* End PBXFrameworksBuildPhase section */

/* Begin PBXGroup section */
		8BDA5B82718513E72B088F00 /* Frameworks */ = {
			isa = PBXGroup;
			children = (
				3C21618ED77A12501629DED4 /* Pods_hw_25_DamageRadius.framework */,
			);
			name = Frameworks;
			sourceTree = "<group>";
		};
		8E06039328259ED100D3B6DA = {
			isa = PBXGroup;
			children = (
				8E94A2392826B560009614DA /* Bomb.swift */,
				8E94A2372826B532009614DA /* Servedable.swift */,
				8E94A23528268557009614DA /* ButtonExtension.swift */,
				8E06039E28259ED100D3B6DA /* hw_25_DamageRadius */,
				8E06039D28259ED100D3B6DA /* Products */,
				93FE195179531B1ED035242D /* Pods */,
				8BDA5B82718513E72B088F00 /* Frameworks */,
			);
			sourceTree = "<group>";
		};
		8E06039D28259ED100D3B6DA /* Products */ = {
			isa = PBXGroup;
			children = (
				8E06039C28259ED100D3B6DA /* hw_25_DamageRadius.app */,
			);
			name = Products;
			sourceTree = "<group>";
		};
		8E06039E28259ED100D3B6DA /* hw_25_DamageRadius */ = {
			isa = PBXGroup;
			children = (
				8E9501252825BB6D00D0383B /* PreferencesVC */,
				8E06039F28259ED100D3B6DA /* AppDelegate.swift */,
				8E0603A128259ED100D3B6DA /* SceneDelegate.swift */,
				8E9501282825BBE100D0383B /* Controllers */,
				8E0603A528259ED100D3B6DA /* Main.storyboard */,
				8E0603A828259ED100D3B6DA /* Assets.xcassets */,
				8E0603AA28259ED100D3B6DA /* LaunchScreen.storyboard */,
				8E0603AD28259ED100D3B6DA /* Info.plist */,
			);
			path = hw_25_DamageRadius;
			sourceTree = "<group>";
		};
		8E9501252825BB6D00D0383B /* PreferencesVC */ = {
			isa = PBXGroup;
			children = (
			);
			path = PreferencesVC;
			sourceTree = "<group>";
		};
		8E9501282825BBE100D0383B /* Controllers */ = {
			isa = PBXGroup;
			children = (
				8E0603A328259ED100D3B6DA /* MapViewController.swift */,
				8E9501262825BBBD00D0383B /* PreferencesViewController.swift */,
			);
			path = Controllers;
			sourceTree = "<group>";
		};
		93FE195179531B1ED035242D /* Pods */ = {
			isa = PBXGroup;
			children = (
				1119B97246F06E8653591F04 /* Pods-hw_25_DamageRadius.debug.xcconfig */,
				3AEB98D87A4695C1E50200CC /* Pods-hw_25_DamageRadius.release.xcconfig */,
			);
			path = Pods;
			sourceTree = "<group>";
		};
/* End PBXGroup section */

/* Begin PBXNativeTarget section */
		8E06039B28259ED100D3B6DA /* hw_25_DamageRadius */ = {
			isa = PBXNativeTarget;
			buildConfigurationList = 8E0603B028259ED100D3B6DA /* Build configuration list for PBXNativeTarget "hw_25_DamageRadius" */;
			buildPhases = (
				982A376E1337853E28ED55D3 /* [CP] Check Pods Manifest.lock */,
				8E06039828259ED100D3B6DA /* Sources */,
				8E06039928259ED100D3B6DA /* Frameworks */,
				8E06039A28259ED100D3B6DA /* Resources */,
				6D5E51A0C45FE2AF893C15D8 /* [CP] Copy Pods Resources */,
			);
			buildRules = (
			);
			dependencies = (
			);
			name = hw_25_DamageRadius;
			productName = hw_25_DamageRadius;
			productReference = 8E06039C28259ED100D3B6DA /* hw_25_DamageRadius.app */;
			productType = "com.apple.product-type.application";
		};
/* End PBXNativeTarget section */

/* Begin PBXProject section */
		8E06039428259ED100D3B6DA /* Project object */ = {
			isa = PBXProject;
			attributes = {
				BuildIndependentTargetsInParallel = 1;
				LastSwiftUpdateCheck = 1330;
				LastUpgradeCheck = 1330;
				TargetAttributes = {
					8E06039B28259ED100D3B6DA = {
						CreatedOnToolsVersion = 13.3;
					};
				};
			};
			buildConfigurationList = 8E06039728259ED100D3B6DA /* Build configuration list for PBXProject "hw_25_DamageRadius" */;
			compatibilityVersion = "Xcode 13.0";
			developmentRegion = en;
			hasScannedForEncodings = 0;
			knownRegions = (
				en,
				Base,
			);
			mainGroup = 8E06039328259ED100D3B6DA;
			productRefGroup = 8E06039D28259ED100D3B6DA /* Products */;
			projectDirPath = "";
			projectRoot = "";
			targets = (
				8E06039B28259ED100D3B6DA /* hw_25_DamageRadius */,
			);
		};
/* End PBXProject section */

/* Begin PBXResourcesBuildPhase section */
		8E06039A28259ED100D3B6DA /* Resources */ = {
			isa = PBXResourcesBuildPhase;
			buildActionMask = 2147483647;
			files = (
				8E0603AC28259ED100D3B6DA /* LaunchScreen.storyboard in Resources */,
				8E0603A928259ED100D3B6DA /* Assets.xcassets in Resources */,
				8E0603A728259ED100D3B6DA /* Main.storyboard in Resources */,
			);
			runOnlyForDeploymentPostprocessing = 0;
		};
/* End PBXResourcesBuildPhase section */

/* Begin PBXShellScriptBuildPhase section */
		6D5E51A0C45FE2AF893C15D8 /* [CP] Copy Pods Resources */ = {
			isa = PBXShellScriptBuildPhase;
			buildActionMask = 2147483647;
			files = (
			);
			inputFileListPaths = (
				"${PODS_ROOT}/Target Support Files/Pods-hw_25_DamageRadius/Pods-hw_25_DamageRadius-resources-${CONFIGURATION}-input-files.xcfilelist",
			);
			name = "[CP] Copy Pods Resources";
			outputFileListPaths = (
				"${PODS_ROOT}/Target Support Files/Pods-hw_25_DamageRadius/Pods-hw_25_DamageRadius-resources-${CONFIGURATION}-output-files.xcfilelist",
			);
			runOnlyForDeploymentPostprocessing = 0;
			shellPath = /bin/sh;
			shellScript = "\"${PODS_ROOT}/Target Support Files/Pods-hw_25_DamageRadius/Pods-hw_25_DamageRadius-resources.sh\"\n";
			showEnvVarsInLog = 0;
		};
		982A376E1337853E28ED55D3 /* [CP] Check Pods Manifest.lock */ = {
			isa = PBXShellScriptBuildPhase;
			buildActionMask = 2147483647;
			files = (
			);
			inputFileListPaths = (
			);
			inputPaths = (
				"${PODS_PODFILE_DIR_PATH}/Podfile.lock",
				"${PODS_ROOT}/Manifest.lock",
			);
			name = "[CP] Check Pods Manifest.lock";
			outputFileListPaths = (
			);
			outputPaths = (
				"$(DERIVED_FILE_DIR)/Pods-hw_25_DamageRadius-checkManifestLockResult.txt",
			);
			runOnlyForDeploymentPostprocessing = 0;
			shellPath = /bin/sh;
			shellScript = "diff \"${PODS_PODFILE_DIR_PATH}/Podfile.lock\" \"${PODS_ROOT}/Manifest.lock\" > /dev/null\nif [ $? != 0 ] ; then\n    # print error to STDERR\n    echo \"error: The sandbox is not in sync with the Podfile.lock. Run 'pod install' or update your CocoaPods installation.\" >&2\n    exit 1\nfi\n# This output is used by Xcode 'outputs' to avoid re-running this script phase.\necho \"SUCCESS\" > \"${SCRIPT_OUTPUT_FILE_0}\"\n";
			showEnvVarsInLog = 0;
		};
/* End PBXShellScriptBuildPhase section */

/* Begin PBXSourcesBuildPhase section */
		8E06039828259ED100D3B6DA /* Sources */ = {
			isa = PBXSourcesBuildPhase;
			buildActionMask = 2147483647;
			files = (
				8E0603A428259ED100D3B6DA /* MapViewController.swift in Sources */,
				8E0603A028259ED100D3B6DA /* AppDelegate.swift in Sources */,
				8E94A23628268557009614DA /* ButtonExtension.swift in Sources */,
				8E94A23A2826B560009614DA /* Bomb.swift in Sources */,
				8E0603A228259ED100D3B6DA /* SceneDelegate.swift in Sources */,
				8E9501272825BBBD00D0383B /* PreferencesViewController.swift in Sources */,
				8E94A2382826B532009614DA /* Servedable.swift in Sources */,
			);
			runOnlyForDeploymentPostprocessing = 0;
		};
/* End PBXSourcesBuildPhase section */

/* Begin PBXVariantGroup section */
		8E0603A528259ED100D3B6DA /* Main.storyboard */ = {
			isa = PBXVariantGroup;
			children = (
				8E0603A628259ED100D3B6DA /* Base */,
			);
			name = Main.storyboard;
			sourceTree = "<group>";
		};
		8E0603AA28259ED100D3B6DA /* LaunchScreen.storyboard */ = {
			isa = PBXVariantGroup;
			children = (
				8E0603AB28259ED100D3B6DA /* Base */,
			);
			name = LaunchScreen.storyboard;
			sourceTree = "<group>";
		};
/* End PBXVariantGroup section */

/* Begin XCBuildConfiguration section */
		8E0603AE28259ED100D3B6DA /* Debug */ = {
			isa = XCBuildConfiguration;
			buildSettings = {
				ALWAYS_SEARCH_USER_PATHS = NO;
				CLANG_ANALYZER_NONNULL = YES;
				CLANG_ANALYZER_NUMBER_OBJECT_CONVERSION = YES_AGGRESSIVE;
				CLANG_CXX_LANGUAGE_STANDARD = "gnu++17";
				CLANG_ENABLE_MODULES = YES;
				CLANG_ENABLE_OBJC_ARC = YES;
				CLANG_ENABLE_OBJC_WEAK = YES;
				CLANG_WARN_BLOCK_CAPTURE_AUTORELEASING = YES;
				CLANG_WARN_BOOL_CONVERSION = YES;
				CLANG_WARN_COMMA = YES;
				CLANG_WARN_CONSTANT_CONVERSION = YES;
				CLANG_WARN_DEPRECATED_OBJC_IMPLEMENTATIONS = YES;
				CLANG_WARN_DIRECT_OBJC_ISA_USAGE = YES_ERROR;
				CLANG_WARN_DOCUMENTATION_COMMENTS = YES;
				CLANG_WARN_EMPTY_BODY = YES;
				CLANG_WARN_ENUM_CONVERSION = YES;
				CLANG_WARN_INFINITE_RECURSION = YES;
				CLANG_WARN_INT_CONVERSION = YES;
				CLANG_WARN_NON_LITERAL_NULL_CONVERSION = YES;
				CLANG_WARN_OBJC_IMPLICIT_RETAIN_SELF = YES;
				CLANG_WARN_OBJC_LITERAL_CONVERSION = YES;
				CLANG_WARN_OBJC_ROOT_CLASS = YES_ERROR;
				CLANG_WARN_QUOTED_INCLUDE_IN_FRAMEWORK_HEADER = YES;
				CLANG_WARN_RANGE_LOOP_ANALYSIS = YES;
				CLANG_WARN_STRICT_PROTOTYPES = YES;
				CLANG_WARN_SUSPICIOUS_MOVE = YES;
				CLANG_WARN_UNGUARDED_AVAILABILITY = YES_AGGRESSIVE;
				CLANG_WARN_UNREACHABLE_CODE = YES;
				CLANG_WARN__DUPLICATE_METHOD_MATCH = YES;
				COPY_PHASE_STRIP = NO;
				DEBUG_INFORMATION_FORMAT = dwarf;
				ENABLE_STRICT_OBJC_MSGSEND = YES;
				ENABLE_TESTABILITY = YES;
				GCC_C_LANGUAGE_STANDARD = gnu11;
				GCC_DYNAMIC_NO_PIC = NO;
				GCC_NO_COMMON_BLOCKS = YES;
				GCC_OPTIMIZATION_LEVEL = 0;
				GCC_PREPROCESSOR_DEFINITIONS = (
					"DEBUG=1",
					"$(inherited)",
				);
				GCC_WARN_64_TO_32_BIT_CONVERSION = YES;
				GCC_WARN_ABOUT_RETURN_TYPE = YES_ERROR;
				GCC_WARN_UNDECLARED_SELECTOR = YES;
				GCC_WARN_UNINITIALIZED_AUTOS = YES_AGGRESSIVE;
				GCC_WARN_UNUSED_FUNCTION = YES;
				GCC_WARN_UNUSED_VARIABLE = YES;
				IPHONEOS_DEPLOYMENT_TARGET = 15.4;
				MTL_ENABLE_DEBUG_INFO = INCLUDE_SOURCE;
				MTL_FAST_MATH = YES;
				ONLY_ACTIVE_ARCH = YES;
				SDKROOT = iphoneos;
				SWIFT_ACTIVE_COMPILATION_CONDITIONS = DEBUG;
				SWIFT_OPTIMIZATION_LEVEL = "-Onone";
			};
			name = Debug;
		};
		8E0603AF28259ED100D3B6DA /* Release */ = {
			isa = XCBuildConfiguration;
			buildSettings = {
				ALWAYS_SEARCH_USER_PATHS = NO;
				CLANG_ANALYZER_NONNULL = YES;
				CLANG_ANALYZER_NUMBER_OBJECT_CONVERSION = YES_AGGRESSIVE;
				CLANG_CXX_LANGUAGE_STANDARD = "gnu++17";
				CLANG_ENABLE_MODULES = YES;
				CLANG_ENABLE_OBJC_ARC = YES;
				CLANG_ENABLE_OBJC_WEAK = YES;
				CLANG_WARN_BLOCK_CAPTURE_AUTORELEASING = YES;
				CLANG_WARN_BOOL_CONVERSION = YES;
				CLANG_WARN_COMMA = YES;
				CLANG_WARN_CONSTANT_CONVERSION = YES;
				CLANG_WARN_DEPRECATED_OBJC_IMPLEMENTATIONS = YES;
				CLANG_WARN_DIRECT_OBJC_ISA_USAGE = YES_ERROR;
				CLANG_WARN_DOCUMENTATION_COMMENTS = YES;
				CLANG_WARN_EMPTY_BODY = YES;
				CLANG_WARN_ENUM_CONVERSION = YES;
				CLANG_WARN_INFINITE_RECURSION = YES;
				CLANG_WARN_INT_CONVERSION = YES;
				CLANG_WARN_NON_LITERAL_NULL_CONVERSION = YES;
				CLANG_WARN_OBJC_IMPLICIT_RETAIN_SELF = YES;
				CLANG_WARN_OBJC_LITERAL_CONVERSION = YES;
				CLANG_WARN_OBJC_ROOT_CLASS = YES_ERROR;
				CLANG_WARN_QUOTED_INCLUDE_IN_FRAMEWORK_HEADER = YES;
				CLANG_WARN_RANGE_LOOP_ANALYSIS = YES;
				CLANG_WARN_STRICT_PROTOTYPES = YES;
				CLANG_WARN_SUSPICIOUS_MOVE = YES;
				CLANG_WARN_UNGUARDED_AVAILABILITY = YES_AGGRESSIVE;
				CLANG_WARN_UNREACHABLE_CODE = YES;
				CLANG_WARN__DUPLICATE_METHOD_MATCH = YES;
				COPY_PHASE_STRIP = NO;
				DEBUG_INFORMATION_FORMAT = "dwarf-with-dsym";
				ENABLE_NS_ASSERTIONS = NO;
				ENABLE_STRICT_OBJC_MSGSEND = YES;
				GCC_C_LANGUAGE_STANDARD = gnu11;
				GCC_NO_COMMON_BLOCKS = YES;
				GCC_WARN_64_TO_32_BIT_CONVERSION = YES;
				GCC_WARN_ABOUT_RETURN_TYPE = YES_ERROR;
				GCC_WARN_UNDECLARED_SELECTOR = YES;
				GCC_WARN_UNINITIALIZED_AUTOS = YES_AGGRESSIVE;
				GCC_WARN_UNUSED_FUNCTION = YES;
				GCC_WARN_UNUSED_VARIABLE = YES;
				IPHONEOS_DEPLOYMENT_TARGET = 15.4;
				MTL_ENABLE_DEBUG_INFO = NO;
				MTL_FAST_MATH = YES;
				SDKROOT = iphoneos;
				SWIFT_COMPILATION_MODE = wholemodule;
				SWIFT_OPTIMIZATION_LEVEL = "-O";
				VALIDATE_PRODUCT = YES;
			};
			name = Release;
		};
		8E0603B128259ED100D3B6DA /* Debug */ = {
			isa = XCBuildConfiguration;
			baseConfigurationReference = 1119B97246F06E8653591F04 /* Pods-hw_25_DamageRadius.debug.xcconfig */;
			buildSettings = {
				ASSETCATALOG_COMPILER_APPICON_NAME = AppIcon;
				ASSETCATALOG_COMPILER_GLOBAL_ACCENT_COLOR_NAME = AccentColor;
				CODE_SIGN_STYLE = Automatic;
				CURRENT_PROJECT_VERSION = 1;
				DEVELOPMENT_TEAM = 8HDA39CT36;
				GENERATE_INFOPLIST_FILE = YES;
				INFOPLIST_FILE = hw_25_DamageRadius/Info.plist;
				INFOPLIST_KEY_UIApplicationSupportsIndirectInputEvents = YES;
				INFOPLIST_KEY_UILaunchStoryboardName = LaunchScreen;
				INFOPLIST_KEY_UIMainStoryboardFile = Main;
				INFOPLIST_KEY_UISupportedInterfaceOrientations_iPad = "UIInterfaceOrientationPortrait UIInterfaceOrientationPortraitUpsideDown UIInterfaceOrientationLandscapeLeft UIInterfaceOrientationLandscapeRight";
				INFOPLIST_KEY_UISupportedInterfaceOrientations_iPhone = "UIInterfaceOrientationPortrait UIInterfaceOrientationLandscapeLeft UIInterfaceOrientationLandscapeRight";
				LD_RUNPATH_SEARCH_PATHS = (
					"$(inherited)",
					"@executable_path/Frameworks",
				);
				MARKETING_VERSION = 1.0;
				PRODUCT_BUNDLE_IDENTIFIER = "access.random.hw-25-DamageRadius";
				PRODUCT_NAME = "$(TARGET_NAME)";
				SWIFT_EMIT_LOC_STRINGS = YES;
				SWIFT_VERSION = 5.0;
				TARGETED_DEVICE_FAMILY = "1,2";
			};
			name = Debug;
		};
		8E0603B228259ED100D3B6DA /* Release */ = {
			isa = XCBuildConfiguration;
			baseConfigurationReference = 3AEB98D87A4695C1E50200CC /* Pods-hw_25_DamageRadius.release.xcconfig */;
			buildSettings = {
				ASSETCATALOG_COMPILER_APPICON_NAME = AppIcon;
				ASSETCATALOG_COMPILER_GLOBAL_ACCENT_COLOR_NAME = AccentColor;
				CODE_SIGN_STYLE = Automatic;
				CURRENT_PROJECT_VERSION = 1;
				DEVELOPMENT_TEAM = 8HDA39CT36;
				GENERATE_INFOPLIST_FILE = YES;
				INFOPLIST_FILE = hw_25_DamageRadius/Info.plist;
				INFOPLIST_KEY_UIApplicationSupportsIndirectInputEvents = YES;
				INFOPLIST_KEY_UILaunchStoryboardName = LaunchScreen;
				INFOPLIST_KEY_UIMainStoryboardFile = Main;
				INFOPLIST_KEY_UISupportedInterfaceOrientations_iPad = "UIInterfaceOrientationPortrait UIInterfaceOrientationPortraitUpsideDown UIInterfaceOrientationLandscapeLeft UIInterfaceOrientationLandscapeRight";
				INFOPLIST_KEY_UISupportedInterfaceOrientations_iPhone = "UIInterfaceOrientationPortrait UIInterfaceOrientationLandscapeLeft UIInterfaceOrientationLandscapeRight";
				LD_RUNPATH_SEARCH_PATHS = (
					"$(inherited)",
					"@executable_path/Frameworks",
				);
				MARKETING_VERSION = 1.0;
				PRODUCT_BUNDLE_IDENTIFIER = "access.random.hw-25-DamageRadius";
				PRODUCT_NAME = "$(TARGET_NAME)";
				SWIFT_EMIT_LOC_STRINGS = YES;
				SWIFT_VERSION = 5.0;
				TARGETED_DEVICE_FAMILY = "1,2";
			};
			name = Release;
		};
/* End XCBuildConfiguration section */

/* Begin XCConfigurationList section */
		8E06039728259ED100D3B6DA /* Build configuration list for PBXProject "hw_25_DamageRadius" */ = {
			isa = XCConfigurationList;
			buildConfigurations = (
				8E0603AE28259ED100D3B6DA /* Debug */,
				8E0603AF28259ED100D3B6DA /* Release */,
			);
			defaultConfigurationIsVisible = 0;
			defaultConfigurationName = Release;
		};
		8E0603B028259ED100D3B6DA /* Build configuration list for PBXNativeTarget "hw_25_DamageRadius" */ = {
			isa = XCConfigurationList;
			buildConfigurations = (
				8E0603B128259ED100D3B6DA /* Debug */,
				8E0603B228259ED100D3B6DA /* Release */,
			);
			defaultConfigurationIsVisible = 0;
			defaultConfigurationName = Release;
		};
/* End XCConfigurationList section */
	};
	rootObject = 8E06039428259ED100D3B6DA /* Project object */;
}
